{
  "name": "n-letter-wordle",
  "version": "1.1.0",
  "lockfileVersion": 3,
  "requires": true,
  "packages": {
    "": {
      "name": "n-letter-wordle",
      "version": "1.1.0",
      "hasInstallScript": true,
      "license": "MIT",
      "dependencies": {
        "n-letter-wordle": "^1.1.0"
      }
    },
    "node_modules/n-letter-wordle": {
      "version": "1.1.0",
      "resolved": "https://registry.npmjs.org/n-letter-wordle/-/n-letter-wordle-1.1.0.tgz",
      "integrity": "sha512-azK2B6ahSISOein5moJwmfjUtpXdDwXDv5fTyS9dKZ5Ye6XjjntUsMat99t4tUfO4Zb/Whsx/ACuksEXaddhQg==",
      "hasInstallScript": true
    }
  }
}
